
Microsoft Visual Studio Solution File, Format Version 12.00
# Visual Studio Version 16
VisualStudioVersion = 16.0.31624.102
MinimumVisualStudioVersion = 10.0.40219.1
Project("{9A19103F-16F7-4668-BE54-9A1E7A4F7556}") = "KABWebApp", "kab_asp\KABWebApp.csproj", "{957F68CA-9C6E-41E0-8783-7D5CD2F7C86D}"
EndProject
Project("{9A19103F-16F7-4668-BE54-9A1E7A4F7556}") = "KABLibrary", "KABLibrary\KABLibrary.csproj", "{B9DD1274-22CE-4E07-B967-7F0BB36F91BB}"
EndProject
Project("{FAE04EC0-301F-11D3-BF4B-00C04F79EFBC}") = "KABMigrations", "KABMigrations\KABMigrations.csproj", "{65949222-43E4-415A-8E7B-77901C8F3F26}"
EndProject
Global
	GlobalSection(SolutionConfigurationPlatforms) = preSolution
		Debug|Any CPU = Debug|Any CPU
		Release|Any CPU = Release|Any CPU
	EndGlobalSection
	GlobalSection(ProjectConfigurationPlatforms) = postSolution
		{957F68CA-9C6E-41E0-8783-7D5CD2F7C86D}.Debug|Any CPU.ActiveCfg = Debug|Any CPU
		{957F68CA-9C6E-41E0-8783-7D5CD2F7C86D}.Debug|Any CPU.Build.0 = Debug|Any CPU
		{957F68CA-9C6E-41E0-8783-7D5CD2F7C86D}.Release|Any CPU.ActiveCfg = Release|Any CPU
		{957F68CA-9C6E-41E0-8783-7D5CD2F7C86D}.Release|Any CPU.Build.0 = Release|Any CPU
		{B9DD1274-22CE-4E07-B967-7F0BB36F91BB}.Debug|Any CPU.ActiveCfg = Debug|Any CPU
		{B9DD1274-22CE-4E07-B967-7F0BB36F91BB}.Debug|Any CPU.Build.0 = Debug|Any CPU
		{B9DD1274-22CE-4E07-B967-7F0BB36F91BB}.Release|Any CPU.ActiveCfg = Release|Any CPU
		{B9DD1274-22CE-4E07-B967-7F0BB36F91BB}.Release|Any CPU.Build.0 = Release|Any CPU
		{65949222-43E4-415A-8E7B-77901C8F3F26}.Debug|Any CPU.ActiveCfg = Debug|Any CPU
		{65949222-43E4-415A-8E7B-77901C8F3F26}.Debug|Any CPU.Build.0 = Debug|Any CPU
		{65949222-43E4-415A-8E7B-77901C8F3F26}.Release|Any CPU.ActiveCfg = Release|Any CPU
		{65949222-43E4-415A-8E7B-77901C8F3F26}.Release|Any CPU.Build.0 = Release|Any CPU
	EndGlobalSection
	GlobalSection(SolutionProperties) = preSolution
		HideSolutionNode = FALSE
	EndGlobalSection
	GlobalSection(ExtensibilityGlobals) = postSolution
		SolutionGuid = {5A0390BB-7E01-4B6C-84A9-3FB56A80768A}
	EndGlobalSection
EndGlobal
